
Microsoft Visual Studio Solution File, Format Version 12.00
# Visual Studio Version 17
VisualStudioVersion = 17.4.33403.182
MinimumVisualStudioVersion = 10.0.40219.1
Project("{FAE04EC0-301F-11D3-BF4B-00C04F79EFBC}") = "paint228", "paint228\paint228.csproj", "{87562E29-E512-4667-9F78-7B18F8391866}"
EndProject
Global
	GlobalSection(SolutionConfigurationPlatforms) = preSolution
		Debug|Any CPU = Debug|Any CPU
		Release|Any CPU = Release|Any CPU
	EndGlobalSection
	GlobalSection(ProjectConfigurationPlatforms) = postSolution
		{87562E29-E512-4667-9F78-7B18F8391866}.Debug|Any CPU.ActiveCfg = Debug|Any CPU
		{87562E29-E512-4667-9F78-7B18F8391866}.Debug|Any CPU.Build.0 = Debug|Any CPU
		{87562E29-E512-4667-9F78-7B18F8391866}.Release|Any CPU.ActiveCfg = Release|Any CPU
		{87562E29-E512-4667-9F78-7B18F8391866}.Release|Any CPU.Build.0 = Release|Any CPU
	EndGlobalSection
	GlobalSection(SolutionProperties) = preSolution
		HideSolutionNode = FALSE
	EndGlobalSection
	GlobalSection(ExtensibilityGlobals) = postSolution
		SolutionGuid = {75848861-D761-45AA-9136-FC6BFB2E535C}
	EndGlobalSection
EndGlobal
